// !$*UTF8*$!
{ archiveVersion = 1; classes = {}; objectVersion = 56; objects = {
06853592611102B67D42CBF9 = {isa = PBXFileReference; lastKnownFileType = sourcecode.swift; path = "LiftJournal/Sources/APIClient.swift"; sourceTree = SOURCE_ROOT;};
46CDA63DAB4CFDBE28AC548B = {isa = PBXBuildFile; fileRef = 06853592611102B67D42CBF9;};
D3FEF3151C1FD52128713D3B = {isa = PBXFileReference; lastKnownFileType = sourcecode.swift; path = "LiftJournal/Sources/Authentication.swift"; sourceTree = SOURCE_ROOT;};
B00154669F4F831508E328A5 = {isa = PBXBuildFile; fileRef = D3FEF3151C1FD52128713D3B;};
82B830B6A73259141776DBF6 = {isa = PBXFileReference; lastKnownFileType = sourcecode.swift; path = "LiftJournal/Sources/CoachView.swift"; sourceTree = SOURCE_ROOT;};
45C3D369BB2A637F28745D77 = {isa = PBXBuildFile; fileRef = 82B830B6A73259141776DBF6;};
E3A7A255B8933A8D79A6DF6A = {isa = PBXFileReference; lastKnownFileType = sourcecode.swift; path = "LiftJournal/Sources/HealthViews.swift"; sourceTree = SOURCE_ROOT;};
D5A5883092ED46F6E015E161 = {isa = PBXBuildFile; fileRef = E3A7A255B8933A8D79A6DF6A;};
6015F3FE2E62E279E1D96B8E = {isa = PBXFileReference; lastKnownFileType = sourcecode.swift; path = "LiftJournal/Sources/JSONValue.swift"; sourceTree = SOURCE_ROOT;};
6DBDDD8FEE7C7DDD2EC84C3D = {isa = PBXBuildFile; fileRef = 6015F3FE2E62E279E1D96B8E;};
DA4EDB063E73879FBC8C30A6 = {isa = PBXFileReference; lastKnownFileType = sourcecode.swift; path = "LiftJournal/Sources/JournalStore.swift"; sourceTree = SOURCE_ROOT;};
9D5A3E7A795BCECB49D85C34 = {isa = PBXBuildFile; fileRef = DA4EDB063E73879FBC8C30A6;};
6CFD45C984CFAADE5EBD3A4C = {isa = PBXFileReference; lastKnownFileType = sourcecode.swift; path = "LiftJournal/Sources/LiftJournalApp.swift"; sourceTree = SOURCE_ROOT;};
D70E73F4C2656FD8DC7C5915 = {isa = PBXBuildFile; fileRef = 6CFD45C984CFAADE5EBD3A4C;};
5F519652EEDE2144B3DD9308 = {isa = PBXFileReference; lastKnownFileType = sourcecode.swift; path = "LiftJournal/Sources/LogForms.swift"; sourceTree = SOURCE_ROOT;};
6481F87B6D8F4E7473292E00 = {isa = PBXBuildFile; fileRef = 5F519652EEDE2144B3DD9308;};
BDFFE8F5E773BDA7E950829D = {isa = PBXFileReference; lastKnownFileType = sourcecode.swift; path = "LiftJournal/Sources/PrivacyShield.swift"; sourceTree = SOURCE_ROOT;};
6424AAE480025D09F97D13D3 = {isa = PBXBuildFile; fileRef = BDFFE8F5E773BDA7E950829D;};
5576135C86B4C5A9C8F5EA36 = {isa = PBXFileReference; lastKnownFileType = sourcecode.swift; path = "LiftJournal/Sources/SettingsAndImages.swift"; sourceTree = SOURCE_ROOT;};
6EDF9E9622DDE3681767899E = {isa = PBXBuildFile; fileRef = 5576135C86B4C5A9C8F5EA36;};
7CC5399844DE324FA0D94139 = {isa = PBXFileReference; lastKnownFileType = sourcecode.swift; path = "LiftJournal/Sources/TrainingView.swift"; sourceTree = SOURCE_ROOT;};
3E51CEA6F25800885B89BFDB = {isa = PBXBuildFile; fileRef = 7CC5399844DE324FA0D94139;};
4C6988223070913CB929B30B = {isa = PBXFileReference; lastKnownFileType = folder.assetcatalog; path = "LiftJournal/Assets.xcassets"; sourceTree = SOURCE_ROOT;};
2EB143EDB9C2D82B6FB8C701 = {isa = PBXBuildFile; fileRef = 4C6988223070913CB929B30B;};
D8046BD0AF61C2ABB66C5340 = {isa = PBXFileReference; lastKnownFileType = text.xml; path = "LiftJournal/PrivacyInfo.xcprivacy"; sourceTree = SOURCE_ROOT;};
56EE160B1FB9A8528E80EEC1 = {isa = PBXBuildFile; fileRef = D8046BD0AF61C2ABB66C5340;};
FA60BA45BF4EB458EF3E7A41 = {isa = PBXGroup; children = (06853592611102B67D42CBF9,D3FEF3151C1FD52128713D3B,82B830B6A73259141776DBF6,E3A7A255B8933A8D79A6DF6A,6015F3FE2E62E279E1D96B8E,DA4EDB063E73879FBC8C30A6,6CFD45C984CFAADE5EBD3A4C,5F519652EEDE2144B3DD9308,BDFFE8F5E773BDA7E950829D,5576135C86B4C5A9C8F5EA36,7CC5399844DE324FA0D94139,4C6988223070913CB929B30B,D8046BD0AF61C2ABB66C5340); name = "LiftJournal"; sourceTree = "<group>";};
F5B0A44A4F733FB1073FD292 = {isa = PBXFileReference; explicitFileType = wrapper.application; includeInIndex = 0; path = LiftJournal.app; sourceTree = BUILT_PRODUCTS_DIR;};
0C0ED0DC3206B9529D3FD69A = {isa = PBXSourcesBuildPhase; buildActionMask = 2147483647; files = (46CDA63DAB4CFDBE28AC548B,B00154669F4F831508E328A5,45C3D369BB2A637F28745D77,D5A5883092ED46F6E015E161,6DBDDD8FEE7C7DDD2EC84C3D,9D5A3E7A795BCECB49D85C34,D70E73F4C2656FD8DC7C5915,6481F87B6D8F4E7473292E00,6424AAE480025D09F97D13D3,6EDF9E9622DDE3681767899E,3E51CEA6F25800885B89BFDB); runOnlyForDeploymentPostprocessing = 0;};
D5A5CA67D9CC5EC4381208E1 = {isa = PBXResourcesBuildPhase; buildActionMask = 2147483647; files = (2EB143EDB9C2D82B6FB8C701,56EE160B1FB9A8528E80EEC1); runOnlyForDeploymentPostprocessing = 0;};
17596B03BA760D07B4207197 = {isa = PBXFrameworksBuildPhase; buildActionMask = 2147483647; files = (); runOnlyForDeploymentPostprocessing = 0;};
09D7292625A7700080CBD069 = {isa = XCBuildConfiguration; name = Debug; buildSettings = {SDKROOT = "iphoneos";IPHONEOS_DEPLOYMENT_TARGET = "18.0";SWIFT_VERSION = "6.0";TARGETED_DEVICE_FAMILY = "1,2";CLANG_ENABLE_MODULES = "YES";CODE_SIGN_STYLE = "Automatic";ENABLE_USER_SCRIPT_SANDBOXING = "YES";GENERATE_INFOPLIST_FILE = "NO";MARKETING_VERSION = "1.0";CURRENT_PROJECT_VERSION = "1";SUPPORTED_PLATFORMS = "iphoneos iphonesimulator";SUPPORTS_MACCATALYST = "NO";PRODUCT_NAME = "$(TARGET_NAME)";PRODUCT_BUNDLE_IDENTIFIER = "app.liftjournal.ios";INFOPLIST_FILE = "LiftJournal/Info.plist";ASSETCATALOG_COMPILER_APPICON_NAME = "AppIcon";ASSETCATALOG_COMPILER_GLOBAL_ACCENT_COLOR_NAME = "AccentColor";ENABLE_TESTABILITY = "YES";SWIFT_OPTIMIZATION_LEVEL = "-Onone";SWIFT_ACTIVE_COMPILATION_CONDITIONS = "DEBUG";};};
9EBBC9296049DD3D85599E66 = {isa = XCBuildConfiguration; name = Release; buildSettings = {SDKROOT = "iphoneos";IPHONEOS_DEPLOYMENT_TARGET = "18.0";SWIFT_VERSION = "6.0";TARGETED_DEVICE_FAMILY = "1,2";CLANG_ENABLE_MODULES = "YES";CODE_SIGN_STYLE = "Automatic";ENABLE_USER_SCRIPT_SANDBOXING = "YES";GENERATE_INFOPLIST_FILE = "NO";MARKETING_VERSION = "1.0";CURRENT_PROJECT_VERSION = "1";SUPPORTED_PLATFORMS = "iphoneos iphonesimulator";SUPPORTS_MACCATALYST = "NO";PRODUCT_NAME = "$(TARGET_NAME)";PRODUCT_BUNDLE_IDENTIFIER = "app.liftjournal.ios";INFOPLIST_FILE = "LiftJournal/Info.plist";ASSETCATALOG_COMPILER_APPICON_NAME = "AppIcon";ASSETCATALOG_COMPILER_GLOBAL_ACCENT_COLOR_NAME = "AccentColor";ENABLE_TESTABILITY = "NO";SWIFT_OPTIMIZATION_LEVEL = "-O";SWIFT_ACTIVE_COMPILATION_CONDITIONS = "";};};
8273B2BC522DCD1292DA6F69 = {isa = XCConfigurationList; buildConfigurations = (09D7292625A7700080CBD069,9EBBC9296049DD3D85599E66); defaultConfigurationIsVisible = 0; defaultConfigurationName = Release;};
E7337DCBCE2C0697ACB37618 = {isa = PBXNativeTarget; buildConfigurationList = 8273B2BC522DCD1292DA6F69; buildPhases = (0C0ED0DC3206B9529D3FD69A,D5A5CA67D9CC5EC4381208E1,17596B03BA760D07B4207197); buildRules = (); dependencies = (); name = LiftJournal; productName = LiftJournal; productReference = F5B0A44A4F733FB1073FD292; productType = "com.apple.product-type.application";};
1F81AF6B11553EDFC8FD98FF = {isa = PBXFileReference; lastKnownFileType = sourcecode.swift; path = "LiftJournalTests/NativeContractTests.swift"; sourceTree = SOURCE_ROOT;};
DABBB091B99B3DB96091222C = {isa = PBXBuildFile; fileRef = 1F81AF6B11553EDFC8FD98FF;};
C1ED13DA1F5383DD0F02E496 = {isa = PBXGroup; children = (1F81AF6B11553EDFC8FD98FF); name = "LiftJournalTests"; sourceTree = "<group>";};
08263BFBB5E55D3AA76C118C = {isa = PBXFileReference; explicitFileType = wrapper.cfbundle; includeInIndex = 0; path = LiftJournalTests.xctest; sourceTree = BUILT_PRODUCTS_DIR;};
312B6BF0C770F8E4FC68BAD8 = {isa = PBXSourcesBuildPhase; buildActionMask = 2147483647; files = (DABBB091B99B3DB96091222C); runOnlyForDeploymentPostprocessing = 0;};
B1B09E4BA8EC702156A93940 = {isa = PBXResourcesBuildPhase; buildActionMask = 2147483647; files = (); runOnlyForDeploymentPostprocessing = 0;};
75420001F62D4893E47C4092 = {isa = PBXFrameworksBuildPhase; buildActionMask = 2147483647; files = (); runOnlyForDeploymentPostprocessing = 0;};
93EB055223221B827C1AE307 = {isa = PBXContainerItemProxy; containerPortal = 244210E48437B6556980A702; proxyType = 1; remoteGlobalIDString = E7337DCBCE2C0697ACB37618; remoteInfo = LiftJournal;};
584A5A39578F00A5DD70D680 = {isa = PBXTargetDependency; target = E7337DCBCE2C0697ACB37618; targetProxy = 93EB055223221B827C1AE307;};
5A7C566EA7BA12B1236548C4 = {isa = XCBuildConfiguration; name = Debug; buildSettings = {SDKROOT = "iphoneos";IPHONEOS_DEPLOYMENT_TARGET = "18.0";SWIFT_VERSION = "6.0";TARGETED_DEVICE_FAMILY = "1,2";CLANG_ENABLE_MODULES = "YES";CODE_SIGN_STYLE = "Automatic";ENABLE_USER_SCRIPT_SANDBOXING = "YES";GENERATE_INFOPLIST_FILE = "YES";MARKETING_VERSION = "1.0";CURRENT_PROJECT_VERSION = "1";SUPPORTED_PLATFORMS = "iphoneos iphonesimulator";SUPPORTS_MACCATALYST = "NO";PRODUCT_NAME = "$(TARGET_NAME)";PRODUCT_BUNDLE_IDENTIFIER = "app.liftjournal.ios.tests";TEST_HOST = "$(BUILT_PRODUCTS_DIR)/LiftJournal.app/$(BUNDLE_EXECUTABLE_FOLDER_PATH)/LiftJournal";BUNDLE_LOADER = "$(TEST_HOST)";SWIFT_OPTIMIZATION_LEVEL = "-Onone";SWIFT_ACTIVE_COMPILATION_CONDITIONS = "DEBUG";ENABLE_TESTABILITY = "YES";};};
DF681DA1E22E8CB20C09D11D = {isa = XCBuildConfiguration; name = Release; buildSettings = {SDKROOT = "iphoneos";IPHONEOS_DEPLOYMENT_TARGET = "18.0";SWIFT_VERSION = "6.0";TARGETED_DEVICE_FAMILY = "1,2";CLANG_ENABLE_MODULES = "YES";CODE_SIGN_STYLE = "Automatic";ENABLE_USER_SCRIPT_SANDBOXING = "YES";GENERATE_INFOPLIST_FILE = "YES";MARKETING_VERSION = "1.0";CURRENT_PROJECT_VERSION = "1";SUPPORTED_PLATFORMS = "iphoneos iphonesimulator";SUPPORTS_MACCATALYST = "NO";PRODUCT_NAME = "$(TARGET_NAME)";PRODUCT_BUNDLE_IDENTIFIER = "app.liftjournal.ios.tests";TEST_HOST = "$(BUILT_PRODUCTS_DIR)/LiftJournal.app/$(BUNDLE_EXECUTABLE_FOLDER_PATH)/LiftJournal";BUNDLE_LOADER = "$(TEST_HOST)";SWIFT_OPTIMIZATION_LEVEL = "-O";SWIFT_ACTIVE_COMPILATION_CONDITIONS = "";ENABLE_TESTABILITY = "NO";};};
7491A26D75D7DE26478FF39E = {isa = XCConfigurationList; buildConfigurations = (5A7C566EA7BA12B1236548C4,DF681DA1E22E8CB20C09D11D); defaultConfigurationIsVisible = 0; defaultConfigurationName = Release;};
D9B17D474391CC3BBECC8374 = {isa = PBXNativeTarget; buildConfigurationList = 7491A26D75D7DE26478FF39E; buildPhases = (312B6BF0C770F8E4FC68BAD8,B1B09E4BA8EC702156A93940,75420001F62D4893E47C4092); buildRules = (); dependencies = (584A5A39578F00A5DD70D680); name = LiftJournalTests; productName = LiftJournalTests; productReference = 08263BFBB5E55D3AA76C118C; productType = "com.apple.product-type.bundle.unit-test";};
5651838CBE2291DA2BDDF3A8 = {isa = PBXFileReference; lastKnownFileType = sourcecode.swift; path = "LiftJournalUITests/NativeFlowTests.swift"; sourceTree = SOURCE_ROOT;};
B21042136E1A277B83B2E126 = {isa = PBXBuildFile; fileRef = 5651838CBE2291DA2BDDF3A8;};
373359DEDD394EA5314CCF42 = {isa = PBXGroup; children = (5651838CBE2291DA2BDDF3A8); name = "LiftJournalUITests"; sourceTree = "<group>";};
AED2D3563BCAE597C555737E = {isa = PBXFileReference; explicitFileType = wrapper.cfbundle; includeInIndex = 0; path = LiftJournalUITests.xctest; sourceTree = BUILT_PRODUCTS_DIR;};
3C8CBBC72C8A53D1FE446997 = {isa = PBXSourcesBuildPhase; buildActionMask = 2147483647; files = (B21042136E1A277B83B2E126); runOnlyForDeploymentPostprocessing = 0;};
1CD9DB3AC418A7F0A8C2AE99 = {isa = PBXResourcesBuildPhase; buildActionMask = 2147483647; files = (); runOnlyForDeploymentPostprocessing = 0;};
63E60C81ABB22BF5E214F276 = {isa = PBXFrameworksBuildPhase; buildActionMask = 2147483647; files = (); runOnlyForDeploymentPostprocessing = 0;};
9F8DCCC3179B414B75641CB6 = {isa = PBXContainerItemProxy; containerPortal = 244210E48437B6556980A702; proxyType = 1; remoteGlobalIDString = E7337DCBCE2C0697ACB37618; remoteInfo = LiftJournal;};
9DC62A649A7C5B8B0FE4D66A = {isa = PBXTargetDependency; target = E7337DCBCE2C0697ACB37618; targetProxy = 9F8DCCC3179B414B75641CB6;};
8C02EF10F6C8B9DA74CE0023 = {isa = XCBuildConfiguration; name = Debug; buildSettings = {SDKROOT = "iphoneos";IPHONEOS_DEPLOYMENT_TARGET = "18.0";SWIFT_VERSION = "6.0";TARGETED_DEVICE_FAMILY = "1,2";CLANG_ENABLE_MODULES = "YES";CODE_SIGN_STYLE = "Automatic";ENABLE_USER_SCRIPT_SANDBOXING = "YES";GENERATE_INFOPLIST_FILE = "YES";MARKETING_VERSION = "1.0";CURRENT_PROJECT_VERSION = "1";SUPPORTED_PLATFORMS = "iphoneos iphonesimulator";SUPPORTS_MACCATALYST = "NO";PRODUCT_NAME = "$(TARGET_NAME)";PRODUCT_BUNDLE_IDENTIFIER = "app.liftjournal.ios.tests.ui";TEST_TARGET_NAME = "LiftJournal";SWIFT_OPTIMIZATION_LEVEL = "-Onone";SWIFT_ACTIVE_COMPILATION_CONDITIONS = "DEBUG";ENABLE_TESTABILITY = "YES";};};
D35DD536D9F97830F3307AF6 = {isa = XCBuildConfiguration; name = Release; buildSettings = {SDKROOT = "iphoneos";IPHONEOS_DEPLOYMENT_TARGET = "18.0";SWIFT_VERSION = "6.0";TARGETED_DEVICE_FAMILY = "1,2";CLANG_ENABLE_MODULES = "YES";CODE_SIGN_STYLE = "Automatic";ENABLE_USER_SCRIPT_SANDBOXING = "YES";GENERATE_INFOPLIST_FILE = "YES";MARKETING_VERSION = "1.0";CURRENT_PROJECT_VERSION = "1";SUPPORTED_PLATFORMS = "iphoneos iphonesimulator";SUPPORTS_MACCATALYST = "NO";PRODUCT_NAME = "$(TARGET_NAME)";PRODUCT_BUNDLE_IDENTIFIER = "app.liftjournal.ios.tests.ui";TEST_TARGET_NAME = "LiftJournal";SWIFT_OPTIMIZATION_LEVEL = "-O";SWIFT_ACTIVE_COMPILATION_CONDITIONS = "";ENABLE_TESTABILITY = "NO";};};
0A91086D359A802A3486633F = {isa = XCConfigurationList; buildConfigurations = (8C02EF10F6C8B9DA74CE0023,D35DD536D9F97830F3307AF6); defaultConfigurationIsVisible = 0; defaultConfigurationName = Release;};
3BE728067BD43C7A84218351 = {isa = PBXNativeTarget; buildConfigurationList = 0A91086D359A802A3486633F; buildPhases = (3C8CBBC72C8A53D1FE446997,1CD9DB3AC418A7F0A8C2AE99,63E60C81ABB22BF5E214F276); buildRules = (); dependencies = (9DC62A649A7C5B8B0FE4D66A); name = LiftJournalUITests; productName = LiftJournalUITests; productReference = AED2D3563BCAE597C555737E; productType = "com.apple.product-type.bundle.ui-testing";};
0A3E27B8CA818264D75C8D81 = {isa = PBXGroup; children = (F5B0A44A4F733FB1073FD292,08263BFBB5E55D3AA76C118C,AED2D3563BCAE597C555737E); name = Products; sourceTree = "<group>";};
0D6E4079E36703EBD37C0072 = {isa = PBXGroup; children = (FA60BA45BF4EB458EF3E7A41,C1ED13DA1F5383DD0F02E496,373359DEDD394EA5314CCF42,0A3E27B8CA818264D75C8D81); sourceTree = "<group>";};
73EBF6644258C120893E685D = {isa = XCBuildConfiguration; name = Debug; buildSettings = {CLANG_ENABLE_MODULES = "YES";SWIFT_OPTIMIZATION_LEVEL = "-Onone";SWIFT_ACTIVE_COMPILATION_CONDITIONS = "DEBUG";ENABLE_TESTABILITY = "YES";};};
0B0C687DF8B6B8DC790B519C = {isa = XCBuildConfiguration; name = Release; buildSettings = {CLANG_ENABLE_MODULES = "YES";SWIFT_OPTIMIZATION_LEVEL = "-O";SWIFT_ACTIVE_COMPILATION_CONDITIONS = "";ENABLE_TESTABILITY = "NO";};};
76F8DEC3DFE0BDB465198890 = {isa = XCConfigurationList; buildConfigurations = (73EBF6644258C120893E685D,0B0C687DF8B6B8DC790B519C); defaultConfigurationIsVisible = 0; defaultConfigurationName = Release;};
244210E48437B6556980A702 = {isa = PBXProject; attributes = {LastUpgradeCheck = 2630; BuildIndependentTargetsInParallel = YES;}; buildConfigurationList = 76F8DEC3DFE0BDB465198890; compatibilityVersion = "Xcode 14.0"; developmentRegion = en; knownRegions = (en,Base); mainGroup = 0D6E4079E36703EBD37C0072; productRefGroup = 0A3E27B8CA818264D75C8D81; projectDirPath = ""; projectRoot = ""; targets = (E7337DCBCE2C0697ACB37618,D9B17D474391CC3BBECC8374,3BE728067BD43C7A84218351);};
}; rootObject = 244210E48437B6556980A702; }
