// !$*UTF8*$!
{
	archiveVersion = 1;
	classes = {
	};
	objectVersion = 77;
	objects = {

/* Begin PBXBuildFile section */
		472BD0F498472ADB5F38AF15 /* LiftKit in Frameworks */ = {isa = PBXBuildFile; productRef = 8F113DA23017EDC2265E647A /* LiftKit */; };
/* End PBXBuildFile section */

/* Begin PBXContainerItemProxy section */
		6EA5E1B3A72DDCB001FBDE4B /* PBXContainerItemProxy */ = {
			isa = PBXContainerItemProxy;
			containerPortal = 2310A32DD3D9230E1161CFA0 /* Project object */;
			proxyType = 1;
			remoteGlobalIDString = 29C2C3BE80B6DBE906DBBEDC;
			remoteInfo = LiftJournal;
		};
/* End PBXContainerItemProxy section */

/* Begin PBXFileReference section */
		6164AB448DEA9B708556B45D /* LiftJournal.app */ = {isa = PBXFileReference; explicitFileType = wrapper.application; includeInIndex = 0; path = LiftJournal.app; sourceTree = BUILT_PRODUCTS_DIR; };
		343F412EAF1CE310614592BE /* LiftJournalTests.xctest */ = {isa = PBXFileReference; explicitFileType = wrapper.cfbundle; includeInIndex = 0; path = LiftJournalTests.xctest; sourceTree = BUILT_PRODUCTS_DIR; };
		ECBABAE6C191C8B69DA7CCF0 /* Shared.xcconfig */ = {isa = PBXFileReference; lastKnownFileType = text.xcconfig; path = Shared.xcconfig; sourceTree = "<group>"; };
		6443D1D96E607D0860FAEED6 /* Debug.xcconfig */ = {isa = PBXFileReference; lastKnownFileType = text.xcconfig; path = Debug.xcconfig; sourceTree = "<group>"; };
		7089666D8ED9151B5ADEDEC7 /* Release.xcconfig */ = {isa = PBXFileReference; lastKnownFileType = text.xcconfig; path = Release.xcconfig; sourceTree = "<group>"; };
		177CA1801561500395DA42AD /* Info.plist */ = {isa = PBXFileReference; lastKnownFileType = text.plist.xml; path = Info.plist; sourceTree = "<group>"; };
		876C8CCF2E3DE3AC879A1E76 /* Info-Debug.plist */ = {isa = PBXFileReference; lastKnownFileType = text.plist.xml; path = "Info-Debug.plist"; sourceTree = "<group>"; };
		D15F92B97ACAA038312D67F3 /* LiftJournal.entitlements */ = {isa = PBXFileReference; lastKnownFileType = text.plist.entitlements; path = LiftJournal.entitlements; sourceTree = "<group>"; };
/* End PBXFileReference section */

/* Begin PBXFileSystemSynchronizedRootGroup section */
		6A1041D500F5437225B9E4FA /* LiftJournal */ = {
			isa = PBXFileSystemSynchronizedRootGroup;
			path = LiftJournal;
			sourceTree = "<group>";
		};
		92976FC6A4AC15FA31706989 /* LiftJournalTests */ = {
			isa = PBXFileSystemSynchronizedRootGroup;
			path = LiftJournalTests;
			sourceTree = "<group>";
		};
/* End PBXFileSystemSynchronizedRootGroup section */

/* Begin PBXFrameworksBuildPhase section */
		51EB8CF85344ED1C0150BFDB /* Frameworks */ = {
			isa = PBXFrameworksBuildPhase;
			buildActionMask = 2147483647;
			files = (
				472BD0F498472ADB5F38AF15 /* LiftKit in Frameworks */,
			);
			runOnlyForDeploymentPostprocessing = 0;
		};
		2511DAFE0BA347773ABD8FB4 /* Frameworks */ = {
			isa = PBXFrameworksBuildPhase;
			buildActionMask = 2147483647;
			files = (
			);
			runOnlyForDeploymentPostprocessing = 0;
		};
/* End PBXFrameworksBuildPhase section */

/* Begin PBXGroup section */
		28B47D502241CB9EEC16F215 = {
			isa = PBXGroup;
			children = (
				830CAE3097B8C9093B21CBE9 /* Config */,
				6A1041D500F5437225B9E4FA /* LiftJournal */,
				92976FC6A4AC15FA31706989 /* LiftJournalTests */,
				B5BEBF429C376B148E7613F7 /* Products */,
			);
			sourceTree = "<group>";
		};
		830CAE3097B8C9093B21CBE9 /* Config */ = {
			isa = PBXGroup;
			children = (
				ECBABAE6C191C8B69DA7CCF0 /* Shared.xcconfig */,
				6443D1D96E607D0860FAEED6 /* Debug.xcconfig */,
				7089666D8ED9151B5ADEDEC7 /* Release.xcconfig */,
				177CA1801561500395DA42AD /* Info.plist */,
				876C8CCF2E3DE3AC879A1E76 /* Info-Debug.plist */,
				D15F92B97ACAA038312D67F3 /* LiftJournal.entitlements */,
			);
			path = Config;
			sourceTree = "<group>";
		};
		B5BEBF429C376B148E7613F7 /* Products */ = {
			isa = PBXGroup;
			children = (
				6164AB448DEA9B708556B45D /* LiftJournal.app */,
				343F412EAF1CE310614592BE /* LiftJournalTests.xctest */,
			);
			name = Products;
			sourceTree = "<group>";
		};
/* End PBXGroup section */

/* Begin PBXNativeTarget section */
		29C2C3BE80B6DBE906DBBEDC /* LiftJournal */ = {
			isa = PBXNativeTarget;
			buildConfigurationList = DFB1C51030ADABDF3EEB687A /* Build configuration list for PBXNativeTarget "LiftJournal" */;
			buildPhases = (
				4046D31ABD63463EF682E797 /* Sources */,
				51EB8CF85344ED1C0150BFDB /* Frameworks */,
				7145FC6325095649CA4ADB41 /* Resources */,
			);
			buildRules = (
			);
			dependencies = (
			);
			fileSystemSynchronizedGroups = (
				6A1041D500F5437225B9E4FA /* LiftJournal */,
			);
			name = LiftJournal;
			packageProductDependencies = (
				8F113DA23017EDC2265E647A /* LiftKit */,
			);
			productName = LiftJournal;
			productReference = 6164AB448DEA9B708556B45D /* LiftJournal.app */;
			productType = "com.apple.product-type.application";
		};
		298A8482E7B1DD1500F251D7 /* LiftJournalTests */ = {
			isa = PBXNativeTarget;
			buildConfigurationList = 74C79F16DE69C1FC7B4C7A17 /* Build configuration list for PBXNativeTarget "LiftJournalTests" */;
			buildPhases = (
				48E114F57AA0C52F27D96781 /* Sources */,
				2511DAFE0BA347773ABD8FB4 /* Frameworks */,
				71F615961E2FC147ADA6224F /* Resources */,
			);
			buildRules = (
			);
			dependencies = (
				2F23E3FE8E97F06E62508CC6 /* PBXTargetDependency */,
			);
			fileSystemSynchronizedGroups = (
				92976FC6A4AC15FA31706989 /* LiftJournalTests */,
			);
			name = LiftJournalTests;
			productName = LiftJournalTests;
			productReference = 343F412EAF1CE310614592BE /* LiftJournalTests.xctest */;
			productType = "com.apple.product-type.bundle.unit-test";
		};
/* End PBXNativeTarget section */

/* Begin PBXProject section */
		2310A32DD3D9230E1161CFA0 /* Project object */ = {
			isa = PBXProject;
			attributes = {
				BuildIndependentTargetsInParallel = 1;
				LastSwiftUpdateCheck = 2700;
				LastUpgradeCheck = 2700;
				TargetAttributes = {
					29C2C3BE80B6DBE906DBBEDC = {
						CreatedOnToolsVersion = 27.0;
					};
					298A8482E7B1DD1500F251D7 = {
						CreatedOnToolsVersion = 27.0;
						TestTargetID = 29C2C3BE80B6DBE906DBBEDC;
					};
				};
			};
			buildConfigurationList = F6FF794743C094BB7D5A6825 /* Build configuration list for PBXProject "LiftJournal" */;
			developmentRegion = en;
			hasScannedForEncodings = 0;
			knownRegions = (
				en,
				Base,
			);
			mainGroup = 28B47D502241CB9EEC16F215;
			minimizedProjectReferenceProxies = 1;
			packageReferences = (
				43D14507F489F66DC6C04510 /* XCLocalSwiftPackageReference "Packages/LiftKit" */,
			);
			preferredProjectObjectVersion = 77;
			productRefGroup = B5BEBF429C376B148E7613F7 /* Products */;
			projectDirPath = "";
			projectRoot = "";
			targets = (
				29C2C3BE80B6DBE906DBBEDC /* LiftJournal */,
				298A8482E7B1DD1500F251D7 /* LiftJournalTests */,
			);
		};
/* End PBXProject section */

/* Begin PBXResourcesBuildPhase section */
		7145FC6325095649CA4ADB41 /* Resources */ = {
			isa = PBXResourcesBuildPhase;
			buildActionMask = 2147483647;
			files = (
			);
			runOnlyForDeploymentPostprocessing = 0;
		};
		71F615961E2FC147ADA6224F /* Resources */ = {
			isa = PBXResourcesBuildPhase;
			buildActionMask = 2147483647;
			files = (
			);
			runOnlyForDeploymentPostprocessing = 0;
		};
/* End PBXResourcesBuildPhase section */

/* Begin PBXSourcesBuildPhase section */
		4046D31ABD63463EF682E797 /* Sources */ = {
			isa = PBXSourcesBuildPhase;
			buildActionMask = 2147483647;
			files = (
			);
			runOnlyForDeploymentPostprocessing = 0;
		};
		48E114F57AA0C52F27D96781 /* Sources */ = {
			isa = PBXSourcesBuildPhase;
			buildActionMask = 2147483647;
			files = (
			);
			runOnlyForDeploymentPostprocessing = 0;
		};
/* End PBXSourcesBuildPhase section */

/* Begin PBXTargetDependency section */
		2F23E3FE8E97F06E62508CC6 /* PBXTargetDependency */ = {
			isa = PBXTargetDependency;
			target = 29C2C3BE80B6DBE906DBBEDC /* LiftJournal */;
			targetProxy = 6EA5E1B3A72DDCB001FBDE4B /* PBXContainerItemProxy */;
		};
/* End PBXTargetDependency section */

/* Begin XCBuildConfiguration section */
		B8F446A179E2CC7AA661A9C1 /* Debug */ = {
			isa = XCBuildConfiguration;
			baseConfigurationReference = 6443D1D96E607D0860FAEED6 /* Debug.xcconfig */;
			buildSettings = {
			};
			name = Debug;
		};
		0C48575B970D170A61D117C2 /* Release */ = {
			isa = XCBuildConfiguration;
			baseConfigurationReference = 7089666D8ED9151B5ADEDEC7 /* Release.xcconfig */;
			buildSettings = {
			};
			name = Release;
		};
		3931B7CA4B77631C747B219D /* Debug */ = {
			isa = XCBuildConfiguration;
			buildSettings = {
				ASSETCATALOG_COMPILER_APPICON_NAME = AppIcon;
				ASSETCATALOG_COMPILER_GLOBAL_ACCENT_COLOR_NAME = AccentColor;
				CODE_SIGN_ENTITLEMENTS = Config/LiftJournal.entitlements;
				DEVELOPMENT_ASSET_PATHS = "\"LiftJournal/Preview Content\"";
				ENABLE_PREVIEWS = YES;
				GENERATE_INFOPLIST_FILE = YES;
				INFOPLIST_KEY_CFBundleDisplayName = "Lift Journal";
				INFOPLIST_KEY_LSApplicationCategoryType = "public.app-category.healthcare-fitness";
				INFOPLIST_KEY_NSCameraUsageDescription = "Take a photo of a meal or a workout summary to log it with Coach.";
				INFOPLIST_KEY_NSMicrophoneUsageDescription = "Talk to Coach in a spoken check-in. Your voice goes to Google's speech model only during a call.";
				INFOPLIST_KEY_NSHealthShareUsageDescription = "Lift Journal reads your sleep, heart rate, steps, workouts and their routes so they appear in your journal and your Coach can use them.";
				INFOPLIST_KEY_NSHealthUpdateUsageDescription = "Lift Journal only reads from Apple Health. It does not save data to Apple Health.";
				INFOPLIST_KEY_UIApplicationSceneManifest_Generation = YES;
				INFOPLIST_KEY_UILaunchScreen_Generation = YES;
				INFOPLIST_KEY_UISupportedInterfaceOrientations = "UIInterfaceOrientationPortrait UIInterfaceOrientationLandscapeLeft UIInterfaceOrientationLandscapeRight";
				LD_RUNPATH_SEARCH_PATHS = (
					"$(inherited)",
					"@executable_path/Frameworks",
				);
				PRODUCT_BUNDLE_IDENTIFIER = "$(LIFT_BUNDLE_ID)";
				PRODUCT_NAME = "$(TARGET_NAME)";
				SWIFT_DEFAULT_ACTOR_ISOLATION = MainActor;
				SWIFT_EMIT_LOC_STRINGS = YES;
				INFOPLIST_FILE = "Config/Info-Debug.plist";
			};
			name = Debug;
		};
		B17C0DB2BA41D9CF38F4DFDC /* Release */ = {
			isa = XCBuildConfiguration;
			buildSettings = {
				ASSETCATALOG_COMPILER_APPICON_NAME = AppIcon;
				ASSETCATALOG_COMPILER_GLOBAL_ACCENT_COLOR_NAME = AccentColor;
				CODE_SIGN_ENTITLEMENTS = Config/LiftJournal.entitlements;
				DEVELOPMENT_ASSET_PATHS = "\"LiftJournal/Preview Content\"";
				ENABLE_PREVIEWS = YES;
				GENERATE_INFOPLIST_FILE = YES;
				INFOPLIST_KEY_CFBundleDisplayName = "Lift Journal";
				INFOPLIST_KEY_LSApplicationCategoryType = "public.app-category.healthcare-fitness";
				INFOPLIST_KEY_NSCameraUsageDescription = "Take a photo of a meal or a workout summary to log it with Coach.";
				INFOPLIST_KEY_NSMicrophoneUsageDescription = "Talk to Coach in a spoken check-in. Your voice goes to Google's speech model only during a call.";
				INFOPLIST_KEY_NSHealthShareUsageDescription = "Lift Journal reads your sleep, heart rate, steps, workouts and their routes so they appear in your journal and your Coach can use them.";
				INFOPLIST_KEY_NSHealthUpdateUsageDescription = "Lift Journal only reads from Apple Health. It does not save data to Apple Health.";
				INFOPLIST_KEY_UIApplicationSceneManifest_Generation = YES;
				INFOPLIST_KEY_UILaunchScreen_Generation = YES;
				INFOPLIST_KEY_UISupportedInterfaceOrientations = "UIInterfaceOrientationPortrait UIInterfaceOrientationLandscapeLeft UIInterfaceOrientationLandscapeRight";
				LD_RUNPATH_SEARCH_PATHS = (
					"$(inherited)",
					"@executable_path/Frameworks",
				);
				PRODUCT_BUNDLE_IDENTIFIER = "$(LIFT_BUNDLE_ID)";
				PRODUCT_NAME = "$(TARGET_NAME)";
				SWIFT_DEFAULT_ACTOR_ISOLATION = MainActor;
				SWIFT_EMIT_LOC_STRINGS = YES;
				INFOPLIST_FILE = Config/Info.plist;
			};
			name = Release;
		};
		21AA2DF064F770692989CAEF /* Debug */ = {
			isa = XCBuildConfiguration;
			buildSettings = {
				BUNDLE_LOADER = "$(TEST_HOST)";
				GENERATE_INFOPLIST_FILE = YES;
				PRODUCT_BUNDLE_IDENTIFIER = "$(LIFT_BUNDLE_ID).tests";
				PRODUCT_NAME = "$(TARGET_NAME)";
				SWIFT_DEFAULT_ACTOR_ISOLATION = MainActor;
				SWIFT_EMIT_LOC_STRINGS = NO;
				TEST_HOST = "$(BUILT_PRODUCTS_DIR)/LiftJournal.app/$(BUNDLE_EXECUTABLE_FOLDER_PATH)/LiftJournal";
			};
			name = Debug;
		};
		EC8875308B59EEBDEC5EB615 /* Release */ = {
			isa = XCBuildConfiguration;
			buildSettings = {
				BUNDLE_LOADER = "$(TEST_HOST)";
				GENERATE_INFOPLIST_FILE = YES;
				PRODUCT_BUNDLE_IDENTIFIER = "$(LIFT_BUNDLE_ID).tests";
				PRODUCT_NAME = "$(TARGET_NAME)";
				SWIFT_DEFAULT_ACTOR_ISOLATION = MainActor;
				SWIFT_EMIT_LOC_STRINGS = NO;
				TEST_HOST = "$(BUILT_PRODUCTS_DIR)/LiftJournal.app/$(BUNDLE_EXECUTABLE_FOLDER_PATH)/LiftJournal";
			};
			name = Release;
		};
/* End XCBuildConfiguration section */

/* Begin XCConfigurationList section */
		F6FF794743C094BB7D5A6825 /* Build configuration list for PBXProject "LiftJournal" */ = {
			isa = XCConfigurationList;
			buildConfigurations = (
				B8F446A179E2CC7AA661A9C1 /* Debug */,
				0C48575B970D170A61D117C2 /* Release */,
			);
			defaultConfigurationIsVisible = 0;
			defaultConfigurationName = Release;
		};
		DFB1C51030ADABDF3EEB687A /* Build configuration list for PBXNativeTarget "LiftJournal" */ = {
			isa = XCConfigurationList;
			buildConfigurations = (
				3931B7CA4B77631C747B219D /* Debug */,
				B17C0DB2BA41D9CF38F4DFDC /* Release */,
			);
			defaultConfigurationIsVisible = 0;
			defaultConfigurationName = Release;
		};
		74C79F16DE69C1FC7B4C7A17 /* Build configuration list for PBXNativeTarget "LiftJournalTests" */ = {
			isa = XCConfigurationList;
			buildConfigurations = (
				21AA2DF064F770692989CAEF /* Debug */,
				EC8875308B59EEBDEC5EB615 /* Release */,
			);
			defaultConfigurationIsVisible = 0;
			defaultConfigurationName = Release;
		};
/* End XCConfigurationList section */

/* Begin XCLocalSwiftPackageReference section */
		43D14507F489F66DC6C04510 /* XCLocalSwiftPackageReference "Packages/LiftKit" */ = {
			isa = XCLocalSwiftPackageReference;
			relativePath = Packages/LiftKit;
		};
/* End XCLocalSwiftPackageReference section */

/* Begin XCSwiftPackageProductDependency section */
		8F113DA23017EDC2265E647A /* LiftKit */ = {
			isa = XCSwiftPackageProductDependency;
			productName = LiftKit;
		};
/* End XCSwiftPackageProductDependency section */
	};
	rootObject = 2310A32DD3D9230E1161CFA0 /* Project object */;
}
