<?xml version="1.0" encoding="UTF-8"?><Scheme LastUpgradeVersion="2630" version="1.3"><BuildAction parallelizeBuildables="YES" buildImplicitDependencies="YES"><BuildActionEntries><BuildActionEntry buildForTesting="YES" buildForRunning="YES" buildForProfiling="YES" buildForArchiving="YES" buildForAnalyzing="YES"><BuildableReference BuildableIdentifier="primary" BlueprintIdentifier="E7337DCBCE2C0697ACB37618" BuildableName="LiftJournal.app" BlueprintName="LiftJournal" ReferencedContainer="container:LiftJournal.xcodeproj"/></BuildActionEntry></BuildActionEntries></BuildAction><TestAction buildConfiguration="Debug" selectedDebuggerIdentifier="Xcode.DebuggerFoundation.Debugger.LLDB" selectedLauncherIdentifier="Xcode.IDEFoundation.Launcher.LLDB" shouldUseLaunchSchemeArgsEnv="YES"><Testables><TestableReference skipped="NO"><BuildableReference BuildableIdentifier="primary" BlueprintIdentifier="D9B17D474391CC3BBECC8374" BuildableName="LiftJournalTests.xctest" BlueprintName="LiftJournalTests" ReferencedContainer="container:LiftJournal.xcodeproj"/></TestableReference><TestableReference skipped="NO"><BuildableReference BuildableIdentifier="primary" BlueprintIdentifier="3BE728067BD43C7A84218351" BuildableName="LiftJournalUITests.xctest" BlueprintName="LiftJournalUITests" ReferencedContainer="container:LiftJournal.xcodeproj"/></TestableReference></Testables></TestAction><LaunchAction buildConfiguration="Debug" selectedDebuggerIdentifier="Xcode.DebuggerFoundation.Debugger.LLDB" selectedLauncherIdentifier="Xcode.IDEFoundation.Launcher.LLDB" launchStyle="0" useCustomWorkingDirectory="NO" ignoresPersistentStateOnLaunch="NO" debugDocumentVersioning="YES" debugServiceExtension="internal" allowLocationSimulation="YES"><BuildableProductRunnable runnableDebuggingMode="0"><BuildableReference BuildableIdentifier="primary" BlueprintIdentifier="E7337DCBCE2C0697ACB37618" BuildableName="LiftJournal.app" BlueprintName="LiftJournal" ReferencedContainer="container:LiftJournal.xcodeproj"/></BuildableProductRunnable></LaunchAction><ProfileAction buildConfiguration="Release" shouldUseLaunchSchemeArgsEnv="YES" savedToolIdentifier="" useCustomWorkingDirectory="NO" debugDocumentVersioning="YES"><BuildableProductRunnable runnableDebuggingMode="0"><BuildableReference BuildableIdentifier="primary" BlueprintIdentifier="E7337DCBCE2C0697ACB37618" BuildableName="LiftJournal.app" BlueprintName="LiftJournal" ReferencedContainer="container:LiftJournal.xcodeproj"/></BuildableProductRunnable></ProfileAction><AnalyzeAction buildConfiguration="Debug"/><ArchiveAction buildConfiguration="Release" revealArchiveInOrganizer="YES"/></Scheme>